// !$*UTF8*$!
{
	archiveVersion = 1;
	classes = {
	};
	objectVersion = 51;
	objects = {

/* Begin PBXBuildFile section */
		701BA9073A5242D94129FC37 /* Pods_serverRequest.framework in Frameworks */ = {isa = PBXBuildFile; fileRef = 8BC98F57340F12CBBFD3FC78 /* Pods_serverRequest.framework */; };
		8ECDE51722F2A4B6009AC4EF /* AppDelegate.swift in Sources */ = {isa = PBXBuildFile; fileRef = 8ECDE51622F2A4B6009AC4EF /* AppDelegate.swift */; };
		8ECDE51922F2A4B6009AC4EF /* ViewController.swift in Sources */ = {isa = PBXBuildFile; fileRef = 8ECDE51822F2A4B6009AC4EF /* ViewController.swift */; };
		8ECDE51E22F2A4B9009AC4EF /* Assets.xcassets in Resources */ = {isa = PBXBuildFile; fileRef = 8ECDE51D22F2A4B9009AC4EF /* Assets.xcassets */; };
		8ECDE52122F2A4B9009AC4EF /* LaunchScreen.storyboard in Resources */ = {isa = PBXBuildFile; fileRef = 8ECDE51F22F2A4B9009AC4EF /* LaunchScreen.storyboard */; };
		8ECDE52922F2A7B3009AC4EF /* DataManager.swift in Sources */ = {isa = PBXBuildFile; fileRef = 8ECDE52822F2A7B3009AC4EF /* DataManager.swift */; };
/* End PBXBuildFile section */

/* Begin PBXFileReference section */
		19B2B2510FAC614A97122226 /* Pods-serverRequest.debug.xcconfig */ = {isa = PBXFileReference; includeInIndex = 1; lastKnownFileType = text.xcconfig; name = "Pods-serverRequest.debug.xcconfig"; path = "Target Support Files/Pods-serverRequest/Pods-serverRequest.debug.xcconfig"; sourceTree = "<group>"; };
		8BC98F57340F12CBBFD3FC78 /* Pods_serverRequest.framework */ = {isa = PBXFileReference; explicitFileType = wrapper.framework; includeInIndex = 0; path = Pods_serverRequest.framework; sourceTree = BUILT_PRODUCTS_DIR; };
		8ECDE51322F2A4B6009AC4EF /* serverRequest.app */ = {isa = PBXFileReference; explicitFileType = wrapper.application; includeInIndex = 0; path = serverRequest.app; sourceTree = BUILT_PRODUCTS_DIR; };
		8ECDE51622F2A4B6009AC4EF /* AppDelegate.swift */ = {isa = PBXFileReference; lastKnownFileType = sourcecode.swift; path = AppDelegate.swift; sourceTree = "<group>"; };
		8ECDE51822F2A4B6009AC4EF /* ViewController.swift */ = {isa = PBXFileReference; lastKnownFileType = sourcecode.swift; path = ViewController.swift; sourceTree = "<group>"; };
		8ECDE51D22F2A4B9009AC4EF /* Assets.xcassets */ = {isa = PBXFileReference; lastKnownFileType = folder.assetcatalog; path = Assets.xcassets; sourceTree = "<group>"; };
		8ECDE52022F2A4B9009AC4EF /* Base */ = {isa = PBXFileReference; lastKnownFileType = file.storyboard; name = Base; path = Base.lproj/LaunchScreen.storyboard; sourceTree = "<group>"; };
		8ECDE52222F2A4B9009AC4EF /* Info.plist */ = {isa = PBXFileReference; lastKnownFileType = text.plist.xml; path = Info.plist; sourceTree = "<group>"; };
		8ECDE52822F2A7B3009AC4EF /* DataManager.swift */ = {isa = PBXFileReference; lastKnownFileType = sourcecode.swift; path = DataManager.swift; sourceTree = "<group>"; };
		915469BBF221F3EA832AA0F3 /* Pods-serverRequest.release.xcconfig */ = {isa = PBXFileReference; includeInIndex = 1; lastKnownFileType = text.xcconfig; name = "Pods-serverRequest.release.xcconfig"; path = "Target Support Files/Pods-serverRequest/Pods-serverRequest.release.xcconfig"; sourceTree = "<group>"; };
/* End PBXFileReference section */

/* Begin PBXFrameworksBuildPhase section */
		8ECDE51022F2A4B6009AC4EF /* Frameworks */ = {
			isa = PBXFrameworksBuildPhase;
			buildActionMask = 2147483647;
			files = (
				701BA9073A5242D94129FC37 /* Pods_serverRequest.framework in Frameworks */,
			);
			runOnlyForDeploymentPostprocessing = 0;
		};
/* End PBXFrameworksBuildPhase section */

/* Begin PBXGroup section */
		1449E60D1269703D602EF014 /* Pods */ = {
			isa = PBXGroup;
			children = (
				19B2B2510FAC614A97122226 /* Pods-serverRequest.debug.xcconfig */,
				915469BBF221F3EA832AA0F3 /* Pods-serverRequest.release.xcconfig */,
			);
			path = Pods;
			sourceTree = "<group>";
		};
		7234E266C350780F6544B02B /* Frameworks */ = {
			isa = PBXGroup;
			children = (
				8BC98F57340F12CBBFD3FC78 /* Pods_serverRequest.framework */,
			);
			name = Frameworks;
			sourceTree = "<group>";
		};
		8ECDE50A22F2A4B6009AC4EF = {
			isa = PBXGroup;
			children = (
				8ECDE51522F2A4B6009AC4EF /* serverRequest */,
				8ECDE51422F2A4B6009AC4EF /* Products */,
				1449E60D1269703D602EF014 /* Pods */,
				7234E266C350780F6544B02B /* Frameworks */,
			);
			sourceTree = "<group>";
		};
		8ECDE51422F2A4B6009AC4EF /* Products */ = {
			isa = PBXGroup;
			children = (
				8ECDE51322F2A4B6009AC4EF /* serverRequest.app */,
			);
			name = Products;
			sourceTree = "<group>";
		};
		8ECDE51522F2A4B6009AC4EF /* serverRequest */ = {
			isa = PBXGroup;
			children = (
				8ECDE51622F2A4B6009AC4EF /* AppDelegate.swift */,
				8ECDE51822F2A4B6009AC4EF /* ViewController.swift */,
				8ECDE51D22F2A4B9009AC4EF /* Assets.xcassets */,
				8ECDE51F22F2A4B9009AC4EF /* LaunchScreen.storyboard */,
				8ECDE52222F2A4B9009AC4EF /* Info.plist */,
				8ECDE52822F2A7B3009AC4EF /* DataManager.swift */,
			);
			path = serverRequest;
			sourceTree = "<group>";
		};
/* End PBXGroup section */

/* Begin PBXNativeTarget section */
		8ECDE51222F2A4B6009AC4EF /* serverRequest */ = {
			isa = PBXNativeTarget;
			buildConfigurationList = 8ECDE52522F2A4B9009AC4EF /* Build configuration list for PBXNativeTarget "serverRequest" */;
			buildPhases = (
				F751DA097E72281B019BCC45 /* [CP] Check Pods Manifest.lock */,
				8ECDE50F22F2A4B6009AC4EF /* Sources */,
				8ECDE51022F2A4B6009AC4EF /* Frameworks */,
				8ECDE51122F2A4B6009AC4EF /* Resources */,
				1E1A6C189808B4E3BEE98933 /* [CP] Embed Pods Frameworks */,
			);
			buildRules = (
			);
			dependencies = (
			);
			name = serverRequest;
			productName = serverRequest;
			productReference = 8ECDE51322F2A4B6009AC4EF /* serverRequest.app */;
			productType = "com.apple.product-type.application";
		};
/* End PBXNativeTarget section */

/* Begin PBXProject section */
		8ECDE50B22F2A4B6009AC4EF /* Project object */ = {
			isa = PBXProject;
			attributes = {
				LastSwiftUpdateCheck = 1030;
				LastUpgradeCheck = 1030;
				ORGANIZATIONNAME = "Aibol Tungatarov";
				TargetAttributes = {
					8ECDE51222F2A4B6009AC4EF = {
						CreatedOnToolsVersion = 10.3;
					};
				};
			};
			buildConfigurationList = 8ECDE50E22F2A4B6009AC4EF /* Build configuration list for PBXProject "serverRequest" */;
			compatibilityVersion = "Xcode 9.3";
			developmentRegion = en;
			hasScannedForEncodings = 0;
			knownRegions = (
				en,
				Base,
			);
			mainGroup = 8ECDE50A22F2A4B6009AC4EF;
			productRefGroup = 8ECDE51422F2A4B6009AC4EF /* Products */;
			projectDirPath = "";
			projectRoot = "";
			targets = (
				8ECDE51222F2A4B6009AC4EF /* serverRequest */,
			);
		};
/* End PBXProject section */

/* Begin PBXResourcesBuildPhase section */
		8ECDE51122F2A4B6009AC4EF /* Resources */ = {
			isa = PBXResourcesBuildPhase;
			buildActionMask = 2147483647;
			files = (
				8ECDE52122F2A4B9009AC4EF /* LaunchScreen.storyboard in Resources */,
				8ECDE51E22F2A4B9009AC4EF /* Assets.xcassets in Resources */,
			);
			runOnlyForDeploymentPostprocessing = 0;
		};
/* End PBXResourcesBuildPhase section */

/* Begin PBXShellScriptBuildPhase section */
		1E1A6C189808B4E3BEE98933 /* [CP] Embed Pods Frameworks */ = {
			isa = PBXShellScriptBuildPhase;
			buildActionMask = 2147483647;
			files = (
			);
			inputFileListPaths = (
				"${PODS_ROOT}/Target Support Files/Pods-serverRequest/Pods-serverRequest-frameworks-${CONFIGURATION}-input-files.xcfilelist",
			);
			name = "[CP] Embed Pods Frameworks";
			outputFileListPaths = (
				"${PODS_ROOT}/Target Support Files/Pods-serverRequest/Pods-serverRequest-frameworks-${CONFIGURATION}-output-files.xcfilelist",
			);
			runOnlyForDeploymentPostprocessing = 0;
			shellPath = /bin/sh;
			shellScript = "\"${PODS_ROOT}/Target Support Files/Pods-serverRequest/Pods-serverRequest-frameworks.sh\"\n";
			showEnvVarsInLog = 0;
		};
		F751DA097E72281B019BCC45 /* [CP] Check Pods Manifest.lock */ = {
			isa = PBXShellScriptBuildPhase;
			buildActionMask = 2147483647;
			files = (
			);
			inputFileListPaths = (
			);
			inputPaths = (
				"${PODS_PODFILE_DIR_PATH}/Podfile.lock",
				"${PODS_ROOT}/Manifest.lock",
			);
			name = "[CP] Check Pods Manifest.lock";
			outputFileListPaths = (
			);
			outputPaths = (
				"$(DERIVED_FILE_DIR)/Pods-serverRequest-checkManifestLockResult.txt",
			);
			runOnlyForDeploymentPostprocessing = 0;
			shellPath = /bin/sh;
			shellScript = "diff \"${PODS_PODFILE_DIR_PATH}/Podfile.lock\" \"${PODS_ROOT}/Manifest.lock\" > /dev/null\nif [ $? != 0 ] ; then\n    # print error to STDERR\n    echo \"error: The sandbox is not in sync with the Podfile.lock. Run 'pod install' or update your CocoaPods installation.\" >&2\n    exit 1\nfi\n# This output is used by Xcode 'outputs' to avoid re-running this script phase.\necho \"SUCCESS\" > \"${SCRIPT_OUTPUT_FILE_0}\"\n";
			showEnvVarsInLog = 0;
		};
/* End PBXShellScriptBuildPhase section */

/* Begin PBXSourcesBuildPhase section */
		8ECDE50F22F2A4B6009AC4EF /* Sources */ = {
			isa = PBXSourcesBuildPhase;
			buildActionMask = 2147483647;
			files = (
				8ECDE51922F2A4B6009AC4EF /* ViewController.swift in Sources */,
				8ECDE52922F2A7B3009AC4EF /* DataManager.swift in Sources */,
				8ECDE51722F2A4B6009AC4EF /* AppDelegate.swift in Sources */,
			);
			runOnlyForDeploymentPostprocessing = 0;
		};
/* End PBXSourcesBuildPhase section */

/* Begin PBXVariantGroup section */
		8ECDE51F22F2A4B9009AC4EF /* LaunchScreen.storyboard */ = {
			isa = PBXVariantGroup;
			children = (
				8ECDE52022F2A4B9009AC4EF /* Base */,
			);
			name = LaunchScreen.storyboard;
			sourceTree = "<group>";
		};
/* End PBXVariantGroup section */

/* Begin XCBuildConfiguration section */
		8ECDE52322F2A4B9009AC4EF /* Debug */ = {
			isa = XCBuildConfiguration;
			buildSettings = {
				ALWAYS_SEARCH_USER_PATHS = NO;
				CLANG_ANALYZER_NONNULL = YES;
				CLANG_ANALYZER_NUMBER_OBJECT_CONVERSION = YES_AGGRESSIVE;
				CLANG_CXX_LANGUAGE_STANDARD = "gnu++14";
				CLANG_CXX_LIBRARY = "libc++";
				CLANG_ENABLE_MODULES = YES;
				CLANG_ENABLE_OBJC_ARC = YES;
				CLANG_ENABLE_OBJC_WEAK = YES;
				CLANG_WARN_BLOCK_CAPTURE_AUTORELEASING = YES;
				CLANG_WARN_BOOL_CONVERSION = YES;
				CLANG_WARN_COMMA = YES;
				CLANG_WARN_CONSTANT_CONVERSION = YES;
				CLANG_WARN_DEPRECATED_OBJC_IMPLEMENTATIONS = YES;
				CLANG_WARN_DIRECT_OBJC_ISA_USAGE = YES_ERROR;
				CLANG_WARN_DOCUMENTATION_COMMENTS = YES;
				CLANG_WARN_EMPTY_BODY = YES;
				CLANG_WARN_ENUM_CONVERSION = YES;
				CLANG_WARN_INFINITE_RECURSION = YES;
				CLANG_WARN_INT_CONVERSION = YES;
				CLANG_WARN_NON_LITERAL_NULL_CONVERSION = YES;
				CLANG_WARN_OBJC_IMPLICIT_RETAIN_SELF = YES;
				CLANG_WARN_OBJC_LITERAL_CONVERSION = YES;
				CLANG_WARN_OBJC_ROOT_CLASS = YES_ERROR;
				CLANG_WARN_RANGE_LOOP_ANALYSIS = YES;
				CLANG_WARN_STRICT_PROTOTYPES = YES;
				CLANG_WARN_SUSPICIOUS_MOVE = YES;
				CLANG_WARN_UNGUARDED_AVAILABILITY = YES_AGGRESSIVE;
				CLANG_WARN_UNREACHABLE_CODE = YES;
				CLANG_WARN__DUPLICATE_METHOD_MATCH = YES;
				CODE_SIGN_IDENTITY = "iPhone Developer";
				COPY_PHASE_STRIP = NO;
				DEBUG_INFORMATION_FORMAT = dwarf;
				ENABLE_STRICT_OBJC_MSGSEND = YES;
				ENABLE_TESTABILITY = YES;
				GCC_C_LANGUAGE_STANDARD = gnu11;
				GCC_DYNAMIC_NO_PIC = NO;
				GCC_NO_COMMON_BLOCKS = YES;
				GCC_OPTIMIZATION_LEVEL = 0;
				GCC_PREPROCESSOR_DEFINITIONS = (
					"DEBUG=1",
					"$(inherited)",
				);
				GCC_WARN_64_TO_32_BIT_CONVERSION = YES;
				GCC_WARN_ABOUT_RETURN_TYPE = YES_ERROR;
				GCC_WARN_UNDECLARED_SELECTOR = YES;
				GCC_WARN_UNINITIALIZED_AUTOS = YES_AGGRESSIVE;
				GCC_WARN_UNUSED_FUNCTION = YES;
				GCC_WARN_UNUSED_VARIABLE = YES;
				IPHONEOS_DEPLOYMENT_TARGET = 12.4;
				MTL_ENABLE_DEBUG_INFO = INCLUDE_SOURCE;
				MTL_FAST_MATH = YES;
				ONLY_ACTIVE_ARCH = YES;
				SDKROOT = iphoneos;
				SWIFT_ACTIVE_COMPILATION_CONDITIONS = DEBUG;
				SWIFT_OPTIMIZATION_LEVEL = "-Onone";
			};
			name = Debug;
		};
		8ECDE52422F2A4B9009AC4EF /* Release */ = {
			isa = XCBuildConfiguration;
			buildSettings = {
				ALWAYS_SEARCH_USER_PATHS = NO;
				CLANG_ANALYZER_NONNULL = YES;
				CLANG_ANALYZER_NUMBER_OBJECT_CONVERSION = YES_AGGRESSIVE;
				CLANG_CXX_LANGUAGE_STANDARD = "gnu++14";
				CLANG_CXX_LIBRARY = "libc++";
				CLANG_ENABLE_MODULES = YES;
				CLANG_ENABLE_OBJC_ARC = YES;
				CLANG_ENABLE_OBJC_WEAK = YES;
				CLANG_WARN_BLOCK_CAPTURE_AUTORELEASING = YES;
				CLANG_WARN_BOOL_CONVERSION = YES;
				CLANG_WARN_COMMA = YES;
				CLANG_WARN_CONSTANT_CONVERSION = YES;
				CLANG_WARN_DEPRECATED_OBJC_IMPLEMENTATIONS = YES;
				CLANG_WARN_DIRECT_OBJC_ISA_USAGE = YES_ERROR;
				CLANG_WARN_DOCUMENTATION_COMMENTS = YES;
				CLANG_WARN_EMPTY_BODY = YES;
				CLANG_WARN_ENUM_CONVERSION = YES;
				CLANG_WARN_INFINITE_RECURSION = YES;
				CLANG_WARN_INT_CONVERSION = YES;
				CLANG_WARN_NON_LITERAL_NULL_CONVERSION = YES;
				CLANG_WARN_OBJC_IMPLICIT_RETAIN_SELF = YES;
				CLANG_WARN_OBJC_LITERAL_CONVERSION = YES;
				CLANG_WARN_OBJC_ROOT_CLASS = YES_ERROR;
				CLANG_WARN_RANGE_LOOP_ANALYSIS = YES;
				CLANG_WARN_STRICT_PROTOTYPES = YES;
				CLANG_WARN_SUSPICIOUS_MOVE = YES;
				CLANG_WARN_UNGUARDED_AVAILABILITY = YES_AGGRESSIVE;
				CLANG_WARN_UNREACHABLE_CODE = YES;
				CLANG_WARN__DUPLICATE_METHOD_MATCH = YES;
				CODE_SIGN_IDENTITY = "iPhone Developer";
				COPY_PHASE_STRIP = NO;
				DEBUG_INFORMATION_FORMAT = "dwarf-with-dsym";
				ENABLE_NS_ASSERTIONS = NO;
				ENABLE_STRICT_OBJC_MSGSEND = YES;
				GCC_C_LANGUAGE_STANDARD = gnu11;
				GCC_NO_COMMON_BLOCKS = YES;
				GCC_WARN_64_TO_32_BIT_CONVERSION = YES;
				GCC_WARN_ABOUT_RETURN_TYPE = YES_ERROR;
				GCC_WARN_UNDECLARED_SELECTOR = YES;
				GCC_WARN_UNINITIALIZED_AUTOS = YES_AGGRESSIVE;
				GCC_WARN_UNUSED_FUNCTION = YES;
				GCC_WARN_UNUSED_VARIABLE = YES;
				IPHONEOS_DEPLOYMENT_TARGET = 12.4;
				MTL_ENABLE_DEBUG_INFO = NO;
				MTL_FAST_MATH = YES;
				SDKROOT = iphoneos;
				SWIFT_COMPILATION_MODE = wholemodule;
				SWIFT_OPTIMIZATION_LEVEL = "-O";
				VALIDATE_PRODUCT = YES;
			};
			name = Release;
		};
		8ECDE52622F2A4B9009AC4EF /* Debug */ = {
			isa = XCBuildConfiguration;
			baseConfigurationReference = 19B2B2510FAC614A97122226 /* Pods-serverRequest.debug.xcconfig */;
			buildSettings = {
				ASSETCATALOG_COMPILER_APPICON_NAME = AppIcon;
				CODE_SIGN_STYLE = Manual;
				DEVELOPMENT_TEAM = "";
				INFOPLIST_FILE = serverRequest/Info.plist;
				LD_RUNPATH_SEARCH_PATHS = (
					"$(inherited)",
					"@executable_path/Frameworks",
				);
				PRODUCT_BUNDLE_IDENTIFIER = com.aibolApps.serverRequest;
				PRODUCT_NAME = "$(TARGET_NAME)";
				PROVISIONING_PROFILE_SPECIFIER = "";
				SWIFT_VERSION = 5.0;
				TARGETED_DEVICE_FAMILY = "1,2";
			};
			name = Debug;
		};
		8ECDE52722F2A4B9009AC4EF /* Release */ = {
			isa = XCBuildConfiguration;
			baseConfigurationReference = 915469BBF221F3EA832AA0F3 /* Pods-serverRequest.release.xcconfig */;
			buildSettings = {
				ASSETCATALOG_COMPILER_APPICON_NAME = AppIcon;
				CODE_SIGN_STYLE = Manual;
				DEVELOPMENT_TEAM = "";
				INFOPLIST_FILE = serverRequest/Info.plist;
				LD_RUNPATH_SEARCH_PATHS = (
					"$(inherited)",
					"@executable_path/Frameworks",
				);
				PRODUCT_BUNDLE_IDENTIFIER = com.aibolApps.serverRequest;
				PRODUCT_NAME = "$(TARGET_NAME)";
				PROVISIONING_PROFILE_SPECIFIER = "";
				SWIFT_VERSION = 5.0;
				TARGETED_DEVICE_FAMILY = "1,2";
			};
			name = Release;
		};
/* End XCBuildConfiguration section */

/* Begin XCConfigurationList section */
		8ECDE50E22F2A4B6009AC4EF /* Build configuration list for PBXProject "serverRequest" */ = {
			isa = XCConfigurationList;
			buildConfigurations = (
				8ECDE52322F2A4B9009AC4EF /* Debug */,
				8ECDE52422F2A4B9009AC4EF /* Release */,
			);
			defaultConfigurationIsVisible = 0;
			defaultConfigurationName = Release;
		};
		8ECDE52522F2A4B9009AC4EF /* Build configuration list for PBXNativeTarget "serverRequest" */ = {
			isa = XCConfigurationList;
			buildConfigurations = (
				8ECDE52622F2A4B9009AC4EF /* Debug */,
				8ECDE52722F2A4B9009AC4EF /* Release */,
			);
			defaultConfigurationIsVisible = 0;
			defaultConfigurationName = Release;
		};
/* End XCConfigurationList section */
	};
	rootObject = 8ECDE50B22F2A4B6009AC4EF /* Project object */;
}
