// !$*UTF8*$!
{
	archiveVersion = 1;
	classes = {
	};
	objectVersion = 50;
	objects = {

/* Begin PBXBuildFile section */
		8E1A1E152264D49D00C9F7BF /* AppDelegate.swift in Sources */ = {isa = PBXBuildFile; fileRef = 8E1A1E142264D49D00C9F7BF /* AppDelegate.swift */; };
		8E1A1E172264D49D00C9F7BF /* ViewController.swift in Sources */ = {isa = PBXBuildFile; fileRef = 8E1A1E162264D49D00C9F7BF /* ViewController.swift */; };
		8E1A1E1A2264D49D00C9F7BF /* Main.storyboard in Resources */ = {isa = PBXBuildFile; fileRef = 8E1A1E182264D49D00C9F7BF /* Main.storyboard */; };
		8E1A1E1C2264D4A200C9F7BF /* Assets.xcassets in Resources */ = {isa = PBXBuildFile; fileRef = 8E1A1E1B2264D4A200C9F7BF /* Assets.xcassets */; };
		8E1A1E1F2264D4A200C9F7BF /* LaunchScreen.storyboard in Resources */ = {isa = PBXBuildFile; fileRef = 8E1A1E1D2264D4A200C9F7BF /* LaunchScreen.storyboard */; };
/* End PBXBuildFile section */

/* Begin PBXFileReference section */
		8E1A1E112264D49D00C9F7BF /* Astro Torch.app */ = {isa = PBXFileReference; explicitFileType = wrapper.application; includeInIndex = 0; path = "Astro Torch.app"; sourceTree = BUILT_PRODUCTS_DIR; };
		8E1A1E142264D49D00C9F7BF /* AppDelegate.swift */ = {isa = PBXFileReference; lastKnownFileType = sourcecode.swift; path = AppDelegate.swift; sourceTree = "<group>"; };
		8E1A1E162264D49D00C9F7BF /* ViewController.swift */ = {isa = PBXFileReference; lastKnownFileType = sourcecode.swift; path = ViewController.swift; sourceTree = "<group>"; };
		8E1A1E192264D49D00C9F7BF /* Base */ = {isa = PBXFileReference; lastKnownFileType = file.storyboard; name = Base; path = Base.lproj/Main.storyboard; sourceTree = "<group>"; };
		8E1A1E1B2264D4A200C9F7BF /* Assets.xcassets */ = {isa = PBXFileReference; lastKnownFileType = folder.assetcatalog; path = Assets.xcassets; sourceTree = "<group>"; };
		8E1A1E1E2264D4A200C9F7BF /* Base */ = {isa = PBXFileReference; lastKnownFileType = file.storyboard; name = Base; path = Base.lproj/LaunchScreen.storyboard; sourceTree = "<group>"; };
		8E1A1E202264D4A200C9F7BF /* Info.plist */ = {isa = PBXFileReference; lastKnownFileType = text.plist.xml; path = Info.plist; sourceTree = "<group>"; };
/* End PBXFileReference section */

/* Begin PBXFrameworksBuildPhase section */
		8E1A1E0E2264D49D00C9F7BF /* Frameworks */ = {
			isa = PBXFrameworksBuildPhase;
			buildActionMask = 2147483647;
			files = (
			);
			runOnlyForDeploymentPostprocessing = 0;
		};
/* End PBXFrameworksBuildPhase section */

/* Begin PBXGroup section */
		8E1A1E082264D49D00C9F7BF = {
			isa = PBXGroup;
			children = (
				8E1A1E132264D49D00C9F7BF /* Astro Torch */,
				8E1A1E122264D49D00C9F7BF /* Products */,
			);
			sourceTree = "<group>";
		};
		8E1A1E122264D49D00C9F7BF /* Products */ = {
			isa = PBXGroup;
			children = (
				8E1A1E112264D49D00C9F7BF /* Astro Torch.app */,
			);
			name = Products;
			sourceTree = "<group>";
		};
		8E1A1E132264D49D00C9F7BF /* Astro Torch */ = {
			isa = PBXGroup;
			children = (
				8E1A1E142264D49D00C9F7BF /* AppDelegate.swift */,
				8E1A1E162264D49D00C9F7BF /* ViewController.swift */,
				8E1A1E182264D49D00C9F7BF /* Main.storyboard */,
				8E1A1E1B2264D4A200C9F7BF /* Assets.xcassets */,
				8E1A1E1D2264D4A200C9F7BF /* LaunchScreen.storyboard */,
				8E1A1E202264D4A200C9F7BF /* Info.plist */,
			);
			path = "Astro Torch";
			sourceTree = "<group>";
		};
/* End PBXGroup section */

/* Begin PBXNativeTarget section */
		8E1A1E102264D49D00C9F7BF /* Astro Torch */ = {
			isa = PBXNativeTarget;
			buildConfigurationList = 8E1A1E232264D4A200C9F7BF /* Build configuration list for PBXNativeTarget "Astro Torch" */;
			buildPhases = (
				8E1A1E0D2264D49D00C9F7BF /* Sources */,
				8E1A1E0E2264D49D00C9F7BF /* Frameworks */,
				8E1A1E0F2264D49D00C9F7BF /* Resources */,
			);
			buildRules = (
			);
			dependencies = (
			);
			name = "Astro Torch";
			productName = "Astro Torch";
			productReference = 8E1A1E112264D49D00C9F7BF /* Astro Torch.app */;
			productType = "com.apple.product-type.application";
		};
/* End PBXNativeTarget section */

/* Begin PBXProject section */
		8E1A1E092264D49D00C9F7BF /* Project object */ = {
			isa = PBXProject;
			attributes = {
				LastSwiftUpdateCheck = 1010;
				LastUpgradeCheck = 1010;
				ORGANIZATIONNAME = "Mac Pro";
				TargetAttributes = {
					8E1A1E102264D49D00C9F7BF = {
						CreatedOnToolsVersion = 10.1;
					};
				};
			};
			buildConfigurationList = 8E1A1E0C2264D49D00C9F7BF /* Build configuration list for PBXProject "Astro Torch" */;
			compatibilityVersion = "Xcode 9.3";
			developmentRegion = en;
			hasScannedForEncodings = 0;
			knownRegions = (
				en,
				Base,
			);
			mainGroup = 8E1A1E082264D49D00C9F7BF;
			productRefGroup = 8E1A1E122264D49D00C9F7BF /* Products */;
			projectDirPath = "";
			projectRoot = "";
			targets = (
				8E1A1E102264D49D00C9F7BF /* Astro Torch */,
			);
		};
/* End PBXProject section */

/* Begin PBXResourcesBuildPhase section */
		8E1A1E0F2264D49D00C9F7BF /* Resources */ = {
			isa = PBXResourcesBuildPhase;
			buildActionMask = 2147483647;
			files = (
				8E1A1E1F2264D4A200C9F7BF /* LaunchScreen.storyboard in Resources */,
				8E1A1E1C2264D4A200C9F7BF /* Assets.xcassets in Resources */,
				8E1A1E1A2264D49D00C9F7BF /* Main.storyboard in Resources */,
			);
			runOnlyForDeploymentPostprocessing = 0;
		};
/* End PBXResourcesBuildPhase section */

/* Begin PBXSourcesBuildPhase section */
		8E1A1E0D2264D49D00C9F7BF /* Sources */ = {
			isa = PBXSourcesBuildPhase;
			buildActionMask = 2147483647;
			files = (
				8E1A1E172264D49D00C9F7BF /* ViewController.swift in Sources */,
				8E1A1E152264D49D00C9F7BF /* AppDelegate.swift in Sources */,
			);
			runOnlyForDeploymentPostprocessing = 0;
		};
/* End PBXSourcesBuildPhase section */

/* Begin PBXVariantGroup section */
		8E1A1E182264D49D00C9F7BF /* Main.storyboard */ = {
			isa = PBXVariantGroup;
			children = (
				8E1A1E192264D49D00C9F7BF /* Base */,
			);
			name = Main.storyboard;
			sourceTree = "<group>";
		};
		8E1A1E1D2264D4A200C9F7BF /* LaunchScreen.storyboard */ = {
			isa = PBXVariantGroup;
			children = (
				8E1A1E1E2264D4A200C9F7BF /* Base */,
			);
			name = LaunchScreen.storyboard;
			sourceTree = "<group>";
		};
/* End PBXVariantGroup section */

/* Begin XCBuildConfiguration section */
		8E1A1E212264D4A200C9F7BF /* Debug */ = {
			isa = XCBuildConfiguration;
			buildSettings = {
				ALWAYS_SEARCH_USER_PATHS = NO;
				CLANG_ANALYZER_NONNULL = YES;
				CLANG_ANALYZER_NUMBER_OBJECT_CONVERSION = YES_AGGRESSIVE;
				CLANG_CXX_LANGUAGE_STANDARD = "gnu++14";
				CLANG_CXX_LIBRARY = "libc++";
				CLANG_ENABLE_MODULES = YES;
				CLANG_ENABLE_OBJC_ARC = YES;
				CLANG_ENABLE_OBJC_WEAK = YES;
				CLANG_WARN_BLOCK_CAPTURE_AUTORELEASING = YES;
				CLANG_WARN_BOOL_CONVERSION = YES;
				CLANG_WARN_COMMA = YES;
				CLANG_WARN_CONSTANT_CONVERSION = YES;
				CLANG_WARN_DEPRECATED_OBJC_IMPLEMENTATIONS = YES;
				CLANG_WARN_DIRECT_OBJC_ISA_USAGE = YES_ERROR;
				CLANG_WARN_DOCUMENTATION_COMMENTS = YES;
				CLANG_WARN_EMPTY_BODY = YES;
				CLANG_WARN_ENUM_CONVERSION = YES;
				CLANG_WARN_INFINITE_RECURSION = YES;
				CLANG_WARN_INT_CONVERSION = YES;
				CLANG_WARN_NON_LITERAL_NULL_CONVERSION = YES;
				CLANG_WARN_OBJC_IMPLICIT_RETAIN_SELF = YES;
				CLANG_WARN_OBJC_LITERAL_CONVERSION = YES;
				CLANG_WARN_OBJC_ROOT_CLASS = YES_ERROR;
				CLANG_WARN_RANGE_LOOP_ANALYSIS = YES;
				CLANG_WARN_STRICT_PROTOTYPES = YES;
				CLANG_WARN_SUSPICIOUS_MOVE = YES;
				CLANG_WARN_UNGUARDED_AVAILABILITY = YES_AGGRESSIVE;
				CLANG_WARN_UNREACHABLE_CODE = YES;
				CLANG_WARN__DUPLICATE_METHOD_MATCH = YES;
				CODE_SIGN_IDENTITY = "iPhone Developer";
				COPY_PHASE_STRIP = NO;
				DEBUG_INFORMATION_FORMAT = dwarf;
				ENABLE_STRICT_OBJC_MSGSEND = YES;
				ENABLE_TESTABILITY = YES;
				GCC_C_LANGUAGE_STANDARD = gnu11;
				GCC_DYNAMIC_NO_PIC = NO;
				GCC_NO_COMMON_BLOCKS = YES;
				GCC_OPTIMIZATION_LEVEL = 0;
				GCC_PREPROCESSOR_DEFINITIONS = (
					"DEBUG=1",
					"$(inherited)",
				);
				GCC_WARN_64_TO_32_BIT_CONVERSION = YES;
				GCC_WARN_ABOUT_RETURN_TYPE = YES_ERROR;
				GCC_WARN_UNDECLARED_SELECTOR = YES;
				GCC_WARN_UNINITIALIZED_AUTOS = YES_AGGRESSIVE;
				GCC_WARN_UNUSED_FUNCTION = YES;
				GCC_WARN_UNUSED_VARIABLE = YES;
				IPHONEOS_DEPLOYMENT_TARGET = 12.1;
				MTL_ENABLE_DEBUG_INFO = INCLUDE_SOURCE;
				MTL_FAST_MATH = YES;
				ONLY_ACTIVE_ARCH = YES;
				SDKROOT = iphoneos;
				SWIFT_ACTIVE_COMPILATION_CONDITIONS = DEBUG;
				SWIFT_OPTIMIZATION_LEVEL = "-Onone";
			};
			name = Debug;
		};
		8E1A1E222264D4A200C9F7BF /* Release */ = {
			isa = XCBuildConfiguration;
			buildSettings = {
				ALWAYS_SEARCH_USER_PATHS = NO;
				CLANG_ANALYZER_NONNULL = YES;
				CLANG_ANALYZER_NUMBER_OBJECT_CONVERSION = YES_AGGRESSIVE;
				CLANG_CXX_LANGUAGE_STANDARD = "gnu++14";
				CLANG_CXX_LIBRARY = "libc++";
				CLANG_ENABLE_MODULES = YES;
				CLANG_ENABLE_OBJC_ARC = YES;
				CLANG_ENABLE_OBJC_WEAK = YES;
				CLANG_WARN_BLOCK_CAPTURE_AUTORELEASING = YES;
				CLANG_WARN_BOOL_CONVERSION = YES;
				CLANG_WARN_COMMA = YES;
				CLANG_WARN_CONSTANT_CONVERSION = YES;
				CLANG_WARN_DEPRECATED_OBJC_IMPLEMENTATIONS = YES;
				CLANG_WARN_DIRECT_OBJC_ISA_USAGE = YES_ERROR;
				CLANG_WARN_DOCUMENTATION_COMMENTS = YES;
				CLANG_WARN_EMPTY_BODY = YES;
				CLANG_WARN_ENUM_CONVERSION = YES;
				CLANG_WARN_INFINITE_RECURSION = YES;
				CLANG_WARN_INT_CONVERSION = YES;
				CLANG_WARN_NON_LITERAL_NULL_CONVERSION = YES;
				CLANG_WARN_OBJC_IMPLICIT_RETAIN_SELF = YES;
				CLANG_WARN_OBJC_LITERAL_CONVERSION = YES;
				CLANG_WARN_OBJC_ROOT_CLASS = YES_ERROR;
				CLANG_WARN_RANGE_LOOP_ANALYSIS = YES;
				CLANG_WARN_STRICT_PROTOTYPES = YES;
				CLANG_WARN_SUSPICIOUS_MOVE = YES;
				CLANG_WARN_UNGUARDED_AVAILABILITY = YES_AGGRESSIVE;
				CLANG_WARN_UNREACHABLE_CODE = YES;
				CLANG_WARN__DUPLICATE_METHOD_MATCH = YES;
				CODE_SIGN_IDENTITY = "iPhone Developer";
				COPY_PHASE_STRIP = NO;
				DEBUG_INFORMATION_FORMAT = "dwarf-with-dsym";
				ENABLE_NS_ASSERTIONS = NO;
				ENABLE_STRICT_OBJC_MSGSEND = YES;
				GCC_C_LANGUAGE_STANDARD = gnu11;
				GCC_NO_COMMON_BLOCKS = YES;
				GCC_WARN_64_TO_32_BIT_CONVERSION = YES;
				GCC_WARN_ABOUT_RETURN_TYPE = YES_ERROR;
				GCC_WARN_UNDECLARED_SELECTOR = YES;
				GCC_WARN_UNINITIALIZED_AUTOS = YES_AGGRESSIVE;
				GCC_WARN_UNUSED_FUNCTION = YES;
				GCC_WARN_UNUSED_VARIABLE = YES;
				IPHONEOS_DEPLOYMENT_TARGET = 12.1;
				MTL_ENABLE_DEBUG_INFO = NO;
				MTL_FAST_MATH = YES;
				SDKROOT = iphoneos;
				SWIFT_COMPILATION_MODE = wholemodule;
				SWIFT_OPTIMIZATION_LEVEL = "-O";
				VALIDATE_PRODUCT = YES;
			};
			name = Release;
		};
		8E1A1E242264D4A200C9F7BF /* Debug */ = {
			isa = XCBuildConfiguration;
			buildSettings = {
				ASSETCATALOG_COMPILER_APPICON_NAME = AppIcon;
				CODE_SIGN_STYLE = Automatic;
				INFOPLIST_FILE = "Astro Torch/Info.plist";
				LD_RUNPATH_SEARCH_PATHS = (
					"$(inherited)",
					"@executable_path/Frameworks",
				);
				PRODUCT_BUNDLE_IDENTIFIER = "com.aibol.Astro-Torch";
				PRODUCT_NAME = "$(TARGET_NAME)";
				SWIFT_VERSION = 4.2;
				TARGETED_DEVICE_FAMILY = "1,2";
			};
			name = Debug;
		};
		8E1A1E252264D4A200C9F7BF /* Release */ = {
			isa = XCBuildConfiguration;
			buildSettings = {
				ASSETCATALOG_COMPILER_APPICON_NAME = AppIcon;
				CODE_SIGN_STYLE = Automatic;
				INFOPLIST_FILE = "Astro Torch/Info.plist";
				LD_RUNPATH_SEARCH_PATHS = (
					"$(inherited)",
					"@executable_path/Frameworks",
				);
				PRODUCT_BUNDLE_IDENTIFIER = "com.aibol.Astro-Torch";
				PRODUCT_NAME = "$(TARGET_NAME)";
				SWIFT_VERSION = 4.2;
				TARGETED_DEVICE_FAMILY = "1,2";
			};
			name = Release;
		};
/* End XCBuildConfiguration section */

/* Begin XCConfigurationList section */
		8E1A1E0C2264D49D00C9F7BF /* Build configuration list for PBXProject "Astro Torch" */ = {
			isa = XCConfigurationList;
			buildConfigurations = (
				8E1A1E212264D4A200C9F7BF /* Debug */,
				8E1A1E222264D4A200C9F7BF /* Release */,
			);
			defaultConfigurationIsVisible = 0;
			defaultConfigurationName = Release;
		};
		8E1A1E232264D4A200C9F7BF /* Build configuration list for PBXNativeTarget "Astro Torch" */ = {
			isa = XCConfigurationList;
			buildConfigurations = (
				8E1A1E242264D4A200C9F7BF /* Debug */,
				8E1A1E252264D4A200C9F7BF /* Release */,
			);
			defaultConfigurationIsVisible = 0;
			defaultConfigurationName = Release;
		};
/* End XCConfigurationList section */
	};
	rootObject = 8E1A1E092264D49D00C9F7BF /* Project object */;
}
